
Microsoft Visual Studio Solution File, Format Version 12.00
# Visual Studio 15
VisualStudioVersion = 15.0.26124.0
MinimumVisualStudioVersion = 15.0.26124.0
Project("{2150E333-8FDC-42A3-9474-1A3956D46DE8}") = "src", "src", "{F0905CD1-F4E9-4C80-A84C-07452295986F}"
EndProject
Project("{FAE04EC0-301F-11D3-BF4B-00C04F79EFBC}") = "Web", "src\Web\Web.csproj", "{D99B4FF8-4998-4418-8705-EC69E079D45D}"
EndProject
Project("{2150E333-8FDC-42A3-9474-1A3956D46DE8}") = "tests", "tests", "{B88C78D9-B76C-4D43-AA10-3CA9E7C5F41C}"
EndProject
Project("{FAE04EC0-301F-11D3-BF4B-00C04F79EFBC}") = "FunctionalTests", "tests\FunctionalTests\FunctionalTests.csproj", "{3B428E4F-0CCD-464B-B446-8F69E3E215BC}"
EndProject
Project("{FAE04EC0-301F-11D3-BF4B-00C04F79EFBC}") = "IntegrationTests", "tests\IntegrationTests\IntegrationTests.csproj", "{75CF88DE-D13B-4236-8DDB-76321F40157F}"
EndProject
Project("{FAE04EC0-301F-11D3-BF4B-00C04F79EFBC}") = "UnitTests", "tests\UnitTests\UnitTests.csproj", "{7FA3D7E6-8F41-4668-826A-95324F7838EE}"
EndProject
Global
	GlobalSection(SolutionConfigurationPlatforms) = preSolution
		Debug|Any CPU = Debug|Any CPU
		Debug|x64 = Debug|x64
		Debug|x86 = Debug|x86
		Release|Any CPU = Release|Any CPU
		Release|x64 = Release|x64
		Release|x86 = Release|x86
	EndGlobalSection
	GlobalSection(SolutionProperties) = preSolution
		HideSolutionNode = FALSE
	EndGlobalSection
	GlobalSection(ProjectConfigurationPlatforms) = postSolution
		{D99B4FF8-4998-4418-8705-EC69E079D45D}.Debug|Any CPU.ActiveCfg = Debug|Any CPU
		{D99B4FF8-4998-4418-8705-EC69E079D45D}.Debug|Any CPU.Build.0 = Debug|Any CPU
		{D99B4FF8-4998-4418-8705-EC69E079D45D}.Debug|x64.ActiveCfg = Debug|Any CPU
		{D99B4FF8-4998-4418-8705-EC69E079D45D}.Debug|x64.Build.0 = Debug|Any CPU
		{D99B4FF8-4998-4418-8705-EC69E079D45D}.Debug|x86.ActiveCfg = Debug|Any CPU
		{D99B4FF8-4998-4418-8705-EC69E079D45D}.Debug|x86.Build.0 = Debug|Any CPU
		{D99B4FF8-4998-4418-8705-EC69E079D45D}.Release|Any CPU.ActiveCfg = Release|Any CPU
		{D99B4FF8-4998-4418-8705-EC69E079D45D}.Release|Any CPU.Build.0 = Release|Any CPU
		{D99B4FF8-4998-4418-8705-EC69E079D45D}.Release|x64.ActiveCfg = Release|Any CPU
		{D99B4FF8-4998-4418-8705-EC69E079D45D}.Release|x64.Build.0 = Release|Any CPU
		{D99B4FF8-4998-4418-8705-EC69E079D45D}.Release|x86.ActiveCfg = Release|Any CPU
		{D99B4FF8-4998-4418-8705-EC69E079D45D}.Release|x86.Build.0 = Release|Any CPU
		{3B428E4F-0CCD-464B-B446-8F69E3E215BC}.Debug|Any CPU.ActiveCfg = Debug|Any CPU
		{3B428E4F-0CCD-464B-B446-8F69E3E215BC}.Debug|Any CPU.Build.0 = Debug|Any CPU
		{3B428E4F-0CCD-464B-B446-8F69E3E215BC}.Debug|x64.ActiveCfg = Debug|Any CPU
		{3B428E4F-0CCD-464B-B446-8F69E3E215BC}.Debug|x64.Build.0 = Debug|Any CPU
		{3B428E4F-0CCD-464B-B446-8F69E3E215BC}.Debug|x86.ActiveCfg = Debug|Any CPU
		{3B428E4F-0CCD-464B-B446-8F69E3E215BC}.Debug|x86.Build.0 = Debug|Any CPU
		{3B428E4F-0CCD-464B-B446-8F69E3E215BC}.Release|Any CPU.ActiveCfg = Release|Any CPU
		{3B428E4F-0CCD-464B-B446-8F69E3E215BC}.Release|Any CPU.Build.0 = Release|Any CPU
		{3B428E4F-0CCD-464B-B446-8F69E3E215BC}.Release|x64.ActiveCfg = Release|Any CPU
		{3B428E4F-0CCD-464B-B446-8F69E3E215BC}.Release|x64.Build.0 = Release|Any CPU
		{3B428E4F-0CCD-464B-B446-8F69E3E215BC}.Release|x86.ActiveCfg = Release|Any CPU
		{3B428E4F-0CCD-464B-B446-8F69E3E215BC}.Release|x86.Build.0 = Release|Any CPU
		{75CF88DE-D13B-4236-8DDB-76321F40157F}.Debug|Any CPU.ActiveCfg = Debug|Any CPU
		{75CF88DE-D13B-4236-8DDB-76321F40157F}.Debug|Any CPU.Build.0 = Debug|Any CPU
		{75CF88DE-D13B-4236-8DDB-76321F40157F}.Debug|x64.ActiveCfg = Debug|Any CPU
		{75CF88DE-D13B-4236-8DDB-76321F40157F}.Debug|x64.Build.0 = Debug|Any CPU
		{75CF88DE-D13B-4236-8DDB-76321F40157F}.Debug|x86.ActiveCfg = Debug|Any CPU
		{75CF88DE-D13B-4236-8DDB-76321F40157F}.Debug|x86.Build.0 = Debug|Any CPU
		{75CF88DE-D13B-4236-8DDB-76321F40157F}.Release|Any CPU.ActiveCfg = Release|Any CPU
		{75CF88DE-D13B-4236-8DDB-76321F40157F}.Release|Any CPU.Build.0 = Release|Any CPU
		{75CF88DE-D13B-4236-8DDB-76321F40157F}.Release|x64.ActiveCfg = Release|Any CPU
		{75CF88DE-D13B-4236-8DDB-76321F40157F}.Release|x64.Build.0 = Release|Any CPU
		{75CF88DE-D13B-4236-8DDB-76321F40157F}.Release|x86.ActiveCfg = Release|Any CPU
		{75CF88DE-D13B-4236-8DDB-76321F40157F}.Release|x86.Build.0 = Release|Any CPU
		{7FA3D7E6-8F41-4668-826A-95324F7838EE}.Debug|Any CPU.ActiveCfg = Debug|Any CPU
		{7FA3D7E6-8F41-4668-826A-95324F7838EE}.Debug|Any CPU.Build.0 = Debug|Any CPU
		{7FA3D7E6-8F41-4668-826A-95324F7838EE}.Debug|x64.ActiveCfg = Debug|Any CPU
		{7FA3D7E6-8F41-4668-826A-95324F7838EE}.Debug|x64.Build.0 = Debug|Any CPU
		{7FA3D7E6-8F41-4668-826A-95324F7838EE}.Debug|x86.ActiveCfg = Debug|Any CPU
		{7FA3D7E6-8F41-4668-826A-95324F7838EE}.Debug|x86.Build.0 = Debug|Any CPU
		{7FA3D7E6-8F41-4668-826A-95324F7838EE}.Release|Any CPU.ActiveCfg = Release|Any CPU
		{7FA3D7E6-8F41-4668-826A-95324F7838EE}.Release|Any CPU.Build.0 = Release|Any CPU
		{7FA3D7E6-8F41-4668-826A-95324F7838EE}.Release|x64.ActiveCfg = Release|Any CPU
		{7FA3D7E6-8F41-4668-826A-95324F7838EE}.Release|x64.Build.0 = Release|Any CPU
		{7FA3D7E6-8F41-4668-826A-95324F7838EE}.Release|x86.ActiveCfg = Release|Any CPU
		{7FA3D7E6-8F41-4668-826A-95324F7838EE}.Release|x86.Build.0 = Release|Any CPU
	EndGlobalSection
	GlobalSection(NestedProjects) = preSolution
		{D99B4FF8-4998-4418-8705-EC69E079D45D} = {F0905CD1-F4E9-4C80-A84C-07452295986F}
		{3B428E4F-0CCD-464B-B446-8F69E3E215BC} = {B88C78D9-B76C-4D43-AA10-3CA9E7C5F41C}
		{75CF88DE-D13B-4236-8DDB-76321F40157F} = {B88C78D9-B76C-4D43-AA10-3CA9E7C5F41C}
		{7FA3D7E6-8F41-4668-826A-95324F7838EE} = {B88C78D9-B76C-4D43-AA10-3CA9E7C5F41C}
	EndGlobalSection
EndGlobal
